
Microsoft Visual Studio Solution File, Format Version 12.00
# Visual Studio 14
VisualStudioVersion = 14.0.25420.1
MinimumVisualStudioVersion = 10.0.40219.1
Project("{FAE04EC0-301F-11D3-BF4B-00C04F79EFBC}") = "newtype", "newtype02\newtype.csproj", "{CBC46C47-BDAB-4BEA-A681-D1FD37D0E195}"
	ProjectSection(ProjectDependencies) = postProject
		{112F793E-A00B-4B6D-BABF-4C298D046A77} = {112F793E-A00B-4B6D-BABF-4C298D046A77}
		{4233E651-D07A-4D61-AF5D-E2AA64688571} = {4233E651-D07A-4D61-AF5D-E2AA64688571}
		{210B1794-7BCD-4C49-93B4-D29F8DFF8795} = {210B1794-7BCD-4C49-93B4-D29F8DFF8795}
		{0126619C-1BC2-4526-84F4-3CF6669C04A4} = {0126619C-1BC2-4526-84F4-3CF6669C04A4}
		{AA89C7A9-0CB7-4693-A475-BF420BF7BDA4} = {AA89C7A9-0CB7-4693-A475-BF420BF7BDA4}
		{060ACEFE-7516-4747-B576-8FC1B4350489} = {060ACEFE-7516-4747-B576-8FC1B4350489}
	EndProjectSection
EndProject
Project("{FAE04EC0-301F-11D3-BF4B-00C04F79EFBC}") = "newtype.Interface", "newtype.Interface\newtype.Interface.csproj", "{0126619C-1BC2-4526-84F4-3CF6669C04A4}"
	ProjectSection(ProjectDependencies) = postProject
		{112F793E-A00B-4B6D-BABF-4C298D046A77} = {112F793E-A00B-4B6D-BABF-4C298D046A77}
	EndProjectSection
EndProject
Project("{FAE04EC0-301F-11D3-BF4B-00C04F79EFBC}") = "newtype.Controls", "newtype.Controls\newtype.Controls.csproj", "{112F793E-A00B-4B6D-BABF-4C298D046A77}"
	ProjectSection(ProjectDependencies) = postProject
		{4233E651-D07A-4D61-AF5D-E2AA64688571} = {4233E651-D07A-4D61-AF5D-E2AA64688571}
	EndProjectSection
EndProject
Project("{FAE04EC0-301F-11D3-BF4B-00C04F79EFBC}") = "newtype.Database", "newtype.Database\newtype.Database.csproj", "{060ACEFE-7516-4747-B576-8FC1B4350489}"
	ProjectSection(ProjectDependencies) = postProject
		{4233E651-D07A-4D61-AF5D-E2AA64688571} = {4233E651-D07A-4D61-AF5D-E2AA64688571}
		{0126619C-1BC2-4526-84F4-3CF6669C04A4} = {0126619C-1BC2-4526-84F4-3CF6669C04A4}
	EndProjectSection
EndProject
Project("{FAE04EC0-301F-11D3-BF4B-00C04F79EFBC}") = "newtype.Common", "newtype.Common\newtype.Common.csproj", "{4233E651-D07A-4D61-AF5D-E2AA64688571}"
EndProject
Project("{FAE04EC0-301F-11D3-BF4B-00C04F79EFBC}") = "newtype.Actions", "newtype.Actions\newtype.Actions.csproj", "{210B1794-7BCD-4C49-93B4-D29F8DFF8795}"
	ProjectSection(ProjectDependencies) = postProject
		{112F793E-A00B-4B6D-BABF-4C298D046A77} = {112F793E-A00B-4B6D-BABF-4C298D046A77}
		{4233E651-D07A-4D61-AF5D-E2AA64688571} = {4233E651-D07A-4D61-AF5D-E2AA64688571}
		{0126619C-1BC2-4526-84F4-3CF6669C04A4} = {0126619C-1BC2-4526-84F4-3CF6669C04A4}
		{AA89C7A9-0CB7-4693-A475-BF420BF7BDA4} = {AA89C7A9-0CB7-4693-A475-BF420BF7BDA4}
		{060ACEFE-7516-4747-B576-8FC1B4350489} = {060ACEFE-7516-4747-B576-8FC1B4350489}
	EndProjectSection
EndProject
Project("{FAE04EC0-301F-11D3-BF4B-00C04F79EFBC}") = "newtype.Forms", "newtype.Forms\newtype.Forms.csproj", "{AA89C7A9-0CB7-4693-A475-BF420BF7BDA4}"
	ProjectSection(ProjectDependencies) = postProject
		{112F793E-A00B-4B6D-BABF-4C298D046A77} = {112F793E-A00B-4B6D-BABF-4C298D046A77}
		{4233E651-D07A-4D61-AF5D-E2AA64688571} = {4233E651-D07A-4D61-AF5D-E2AA64688571}
		{0126619C-1BC2-4526-84F4-3CF6669C04A4} = {0126619C-1BC2-4526-84F4-3CF6669C04A4}
		{060ACEFE-7516-4747-B576-8FC1B4350489} = {060ACEFE-7516-4747-B576-8FC1B4350489}
	EndProjectSection
EndProject
Global
	GlobalSection(SolutionConfigurationPlatforms) = preSolution
		Debug|Any CPU = Debug|Any CPU
		Release|Any CPU = Release|Any CPU
	EndGlobalSection
	GlobalSection(ProjectConfigurationPlatforms) = postSolution
		{CBC46C47-BDAB-4BEA-A681-D1FD37D0E195}.Debug|Any CPU.ActiveCfg = Debug|Any CPU
		{CBC46C47-BDAB-4BEA-A681-D1FD37D0E195}.Debug|Any CPU.Build.0 = Debug|Any CPU
		{CBC46C47-BDAB-4BEA-A681-D1FD37D0E195}.Release|Any CPU.ActiveCfg = Release|Any CPU
		{CBC46C47-BDAB-4BEA-A681-D1FD37D0E195}.Release|Any CPU.Build.0 = Release|Any CPU
		{0126619C-1BC2-4526-84F4-3CF6669C04A4}.Debug|Any CPU.ActiveCfg = Debug|Any CPU
		{0126619C-1BC2-4526-84F4-3CF6669C04A4}.Debug|Any CPU.Build.0 = Debug|Any CPU
		{0126619C-1BC2-4526-84F4-3CF6669C04A4}.Release|Any CPU.ActiveCfg = Release|Any CPU
		{0126619C-1BC2-4526-84F4-3CF6669C04A4}.Release|Any CPU.Build.0 = Release|Any CPU
		{112F793E-A00B-4B6D-BABF-4C298D046A77}.Debug|Any CPU.ActiveCfg = Debug|Any CPU
		{112F793E-A00B-4B6D-BABF-4C298D046A77}.Debug|Any CPU.Build.0 = Debug|Any CPU
		{112F793E-A00B-4B6D-BABF-4C298D046A77}.Release|Any CPU.ActiveCfg = Release|Any CPU
		{112F793E-A00B-4B6D-BABF-4C298D046A77}.Release|Any CPU.Build.0 = Release|Any CPU
		{060ACEFE-7516-4747-B576-8FC1B4350489}.Debug|Any CPU.ActiveCfg = Debug|Any CPU
		{060ACEFE-7516-4747-B576-8FC1B4350489}.Debug|Any CPU.Build.0 = Debug|Any CPU
		{060ACEFE-7516-4747-B576-8FC1B4350489}.Release|Any CPU.ActiveCfg = Release|Any CPU
		{060ACEFE-7516-4747-B576-8FC1B4350489}.Release|Any CPU.Build.0 = Release|Any CPU
		{4233E651-D07A-4D61-AF5D-E2AA64688571}.Debug|Any CPU.ActiveCfg = Debug|Any CPU
		{4233E651-D07A-4D61-AF5D-E2AA64688571}.Debug|Any CPU.Build.0 = Debug|Any CPU
		{4233E651-D07A-4D61-AF5D-E2AA64688571}.Release|Any CPU.ActiveCfg = Release|Any CPU
		{4233E651-D07A-4D61-AF5D-E2AA64688571}.Release|Any CPU.Build.0 = Release|Any CPU
		{210B1794-7BCD-4C49-93B4-D29F8DFF8795}.Debug|Any CPU.ActiveCfg = Debug|Any CPU
		{210B1794-7BCD-4C49-93B4-D29F8DFF8795}.Debug|Any CPU.Build.0 = Debug|Any CPU
		{210B1794-7BCD-4C49-93B4-D29F8DFF8795}.Release|Any CPU.ActiveCfg = Release|Any CPU
		{210B1794-7BCD-4C49-93B4-D29F8DFF8795}.Release|Any CPU.Build.0 = Release|Any CPU
		{AA89C7A9-0CB7-4693-A475-BF420BF7BDA4}.Debug|Any CPU.ActiveCfg = Debug|Any CPU
		{AA89C7A9-0CB7-4693-A475-BF420BF7BDA4}.Debug|Any CPU.Build.0 = Debug|Any CPU
		{AA89C7A9-0CB7-4693-A475-BF420BF7BDA4}.Release|Any CPU.ActiveCfg = Release|Any CPU
		{AA89C7A9-0CB7-4693-A475-BF420BF7BDA4}.Release|Any CPU.Build.0 = Release|Any CPU
	EndGlobalSection
	GlobalSection(SolutionProperties) = preSolution
		HideSolutionNode = FALSE
	EndGlobalSection
EndGlobal
